
Microsoft Visual Studio Solution File, Format Version 12.00
# Visual Studio 2012
Project("{FAE04EC0-301F-11D3-BF4B-00C04F79EFBC}") = "EasyTipView", "EasyTipView\EasyTipView.csproj", "{DE222BF6-54B0-415F-A53F-972D6804BB9F}"
EndProject
Project("{FAE04EC0-301F-11D3-BF4B-00C04F79EFBC}") = "EasyTipViewSample", "EasyTipViewSample\EasyTipViewSample.csproj", "{EAC2EA93-7DE2-4E86-A5DE-AD22A76E8E11}"
EndProject
Global
	GlobalSection(SolutionConfigurationPlatforms) = preSolution
		Debug|Any CPU = Debug|Any CPU
		Release|Any CPU = Release|Any CPU
		Debug|iPhoneSimulator = Debug|iPhoneSimulator
		Release|iPhone = Release|iPhone
		Release|iPhoneSimulator = Release|iPhoneSimulator
		Debug|iPhone = Debug|iPhone
	EndGlobalSection
	GlobalSection(ProjectConfigurationPlatforms) = postSolution
		{DE222BF6-54B0-415F-A53F-972D6804BB9F}.Debug|Any CPU.ActiveCfg = Debug|Any CPU
		{DE222BF6-54B0-415F-A53F-972D6804BB9F}.Debug|Any CPU.Build.0 = Debug|Any CPU
		{DE222BF6-54B0-415F-A53F-972D6804BB9F}.Release|Any CPU.ActiveCfg = Release|Any CPU
		{DE222BF6-54B0-415F-A53F-972D6804BB9F}.Release|Any CPU.Build.0 = Release|Any CPU
		{DE222BF6-54B0-415F-A53F-972D6804BB9F}.Debug|iPhoneSimulator.ActiveCfg = Debug|Any CPU
		{DE222BF6-54B0-415F-A53F-972D6804BB9F}.Debug|iPhoneSimulator.Build.0 = Debug|Any CPU
		{DE222BF6-54B0-415F-A53F-972D6804BB9F}.Release|iPhone.ActiveCfg = Release|Any CPU
		{DE222BF6-54B0-415F-A53F-972D6804BB9F}.Release|iPhone.Build.0 = Release|Any CPU
		{DE222BF6-54B0-415F-A53F-972D6804BB9F}.Release|iPhoneSimulator.ActiveCfg = Release|Any CPU
		{DE222BF6-54B0-415F-A53F-972D6804BB9F}.Release|iPhoneSimulator.Build.0 = Release|Any CPU
		{DE222BF6-54B0-415F-A53F-972D6804BB9F}.Debug|iPhone.ActiveCfg = Debug|Any CPU
		{DE222BF6-54B0-415F-A53F-972D6804BB9F}.Debug|iPhone.Build.0 = Debug|Any CPU
		{EAC2EA93-7DE2-4E86-A5DE-AD22A76E8E11}.Debug|Any CPU.ActiveCfg = Debug|iPhoneSimulator
		{EAC2EA93-7DE2-4E86-A5DE-AD22A76E8E11}.Debug|Any CPU.Build.0 = Debug|iPhoneSimulator
		{EAC2EA93-7DE2-4E86-A5DE-AD22A76E8E11}.Release|Any CPU.ActiveCfg = Release|iPhone
		{EAC2EA93-7DE2-4E86-A5DE-AD22A76E8E11}.Release|Any CPU.Build.0 = Release|iPhone
		{EAC2EA93-7DE2-4E86-A5DE-AD22A76E8E11}.Debug|iPhoneSimulator.ActiveCfg = Debug|iPhoneSimulator
		{EAC2EA93-7DE2-4E86-A5DE-AD22A76E8E11}.Debug|iPhoneSimulator.Build.0 = Debug|iPhoneSimulator
		{EAC2EA93-7DE2-4E86-A5DE-AD22A76E8E11}.Release|iPhone.ActiveCfg = Release|iPhone
		{EAC2EA93-7DE2-4E86-A5DE-AD22A76E8E11}.Release|iPhone.Build.0 = Release|iPhone
		{EAC2EA93-7DE2-4E86-A5DE-AD22A76E8E11}.Release|iPhoneSimulator.ActiveCfg = Release|iPhoneSimulator
		{EAC2EA93-7DE2-4E86-A5DE-AD22A76E8E11}.Release|iPhoneSimulator.Build.0 = Release|iPhoneSimulator
		{EAC2EA93-7DE2-4E86-A5DE-AD22A76E8E11}.Debug|iPhone.ActiveCfg = Debug|iPhone
		{EAC2EA93-7DE2-4E86-A5DE-AD22A76E8E11}.Debug|iPhone.Build.0 = Debug|iPhone
	EndGlobalSection
EndGlobal
